
Microsoft Visual Studio Solution File, Format Version 12.00
# Visual Studio Version 16
VisualStudioVersion = 16.0.29613.14
MinimumVisualStudioVersion = 10.0.40219.1
Project("{FAE04EC0-301F-11D3-BF4B-00C04F79EFBC}") = "GenericBoxOfString", "GenericBoxOfString\GenericBoxOfString.csproj", "{F615BBAB-F88A-48B7-BB31-272C2DAB143C}"
EndProject
Project("{FAE04EC0-301F-11D3-BF4B-00C04F79EFBC}") = "CustomList", "CustomList\CustomList.csproj", "{D4140837-4F65-4474-9821-79FABAAAE24D}"
EndProject
Global
	GlobalSection(SolutionConfigurationPlatforms) = preSolution
		Debug|Any CPU = Debug|Any CPU
		Release|Any CPU = Release|Any CPU
	EndGlobalSection
	GlobalSection(ProjectConfigurationPlatforms) = postSolution
		{F615BBAB-F88A-48B7-BB31-272C2DAB143C}.Debug|Any CPU.ActiveCfg = Debug|Any CPU
		{F615BBAB-F88A-48B7-BB31-272C2DAB143C}.Debug|Any CPU.Build.0 = Debug|Any CPU
		{F615BBAB-F88A-48B7-BB31-272C2DAB143C}.Release|Any CPU.ActiveCfg = Release|Any CPU
		{F615BBAB-F88A-48B7-BB31-272C2DAB143C}.Release|Any CPU.Build.0 = Release|Any CPU
		{D4140837-4F65-4474-9821-79FABAAAE24D}.Debug|Any CPU.ActiveCfg = Debug|Any CPU
		{D4140837-4F65-4474-9821-79FABAAAE24D}.Debug|Any CPU.Build.0 = Debug|Any CPU
		{D4140837-4F65-4474-9821-79FABAAAE24D}.Release|Any CPU.ActiveCfg = Release|Any CPU
		{D4140837-4F65-4474-9821-79FABAAAE24D}.Release|Any CPU.Build.0 = Release|Any CPU
	EndGlobalSection
	GlobalSection(SolutionProperties) = preSolution
		HideSolutionNode = FALSE
	EndGlobalSection
	GlobalSection(ExtensibilityGlobals) = postSolution
		SolutionGuid = {FC8FA4C6-77C6-4B8F-BDDC-1D6C7EAC9814}
	EndGlobalSection
EndGlobal
